
Microsoft Visual Studio Solution File, Format Version 12.00
# Visual Studio Version 17
VisualStudioVersion = 17.10.35013.160
MinimumVisualStudioVersion = 10.0.40219.1
Project("{FAE04EC0-301F-11D3-BF4B-00C04F79EFBC}") = "BodyForce.Web", "BodyForce.Web\BodyForce.Web.csproj", "{B5427EAF-C85B-4539-88EB-EAC4C4DA617B}"
EndProject
Project("{FAE04EC0-301F-11D3-BF4B-00C04F79EFBC}") = "BodyForce.Application", "BodyForce.Application\BodyForce.Application.csproj", "{726672D7-161C-42D4-9CB7-66AFCCEFA908}"
EndProject
Project("{FAE04EC0-301F-11D3-BF4B-00C04F79EFBC}") = "BodyForce.Domain", "BodyForce.Domain\BodyForce.Domain.csproj", "{F752F5C8-1282-468D-809F-A7C445280475}"
EndProject
Project("{FAE04EC0-301F-11D3-BF4B-00C04F79EFBC}") = "BodyForce.Infrastructure", "BodyForce.Infrastructure\BodyForce.Infrastructure.csproj", "{B04A3B87-3E14-403C-83A7-2421B3B8A8D3}"
EndProject
Global
	GlobalSection(SolutionConfigurationPlatforms) = preSolution
		Debug|Any CPU = Debug|Any CPU
		Release|Any CPU = Release|Any CPU
	EndGlobalSection
	GlobalSection(ProjectConfigurationPlatforms) = postSolution
		{B5427EAF-C85B-4539-88EB-EAC4C4DA617B}.Debug|Any CPU.ActiveCfg = Debug|Any CPU
		{B5427EAF-C85B-4539-88EB-EAC4C4DA617B}.Debug|Any CPU.Build.0 = Debug|Any CPU
		{B5427EAF-C85B-4539-88EB-EAC4C4DA617B}.Release|Any CPU.ActiveCfg = Release|Any CPU
		{B5427EAF-C85B-4539-88EB-EAC4C4DA617B}.Release|Any CPU.Build.0 = Release|Any CPU
		{726672D7-161C-42D4-9CB7-66AFCCEFA908}.Debug|Any CPU.ActiveCfg = Debug|Any CPU
		{726672D7-161C-42D4-9CB7-66AFCCEFA908}.Debug|Any CPU.Build.0 = Debug|Any CPU
		{726672D7-161C-42D4-9CB7-66AFCCEFA908}.Release|Any CPU.ActiveCfg = Release|Any CPU
		{726672D7-161C-42D4-9CB7-66AFCCEFA908}.Release|Any CPU.Build.0 = Release|Any CPU
		{F752F5C8-1282-468D-809F-A7C445280475}.Debug|Any CPU.ActiveCfg = Debug|Any CPU
		{F752F5C8-1282-468D-809F-A7C445280475}.Debug|Any CPU.Build.0 = Debug|Any CPU
		{F752F5C8-1282-468D-809F-A7C445280475}.Release|Any CPU.ActiveCfg = Release|Any CPU
		{F752F5C8-1282-468D-809F-A7C445280475}.Release|Any CPU.Build.0 = Release|Any CPU
		{B04A3B87-3E14-403C-83A7-2421B3B8A8D3}.Debug|Any CPU.ActiveCfg = Debug|Any CPU
		{B04A3B87-3E14-403C-83A7-2421B3B8A8D3}.Debug|Any CPU.Build.0 = Debug|Any CPU
		{B04A3B87-3E14-403C-83A7-2421B3B8A8D3}.Release|Any CPU.ActiveCfg = Release|Any CPU
		{B04A3B87-3E14-403C-83A7-2421B3B8A8D3}.Release|Any CPU.Build.0 = Release|Any CPU
	EndGlobalSection
	GlobalSection(SolutionProperties) = preSolution
		HideSolutionNode = FALSE
	EndGlobalSection
	GlobalSection(ExtensibilityGlobals) = postSolution
		SolutionGuid = {91B7E3E6-1139-448E-BBFC-3EFDAFE6FF8F}
	EndGlobalSection
EndGlobal
